
Microsoft Visual Studio Solution File, Format Version 12.00
# Visual Studio Version 16
VisualStudioVersion = 16.0.31624.102
MinimumVisualStudioVersion = 10.0.40219.1
Project("{FAE04EC0-301F-11D3-BF4B-00C04F79EFBC}") = "TicTacToe", "TicTacToe\TicTacToe.csproj", "{D8368128-385F-40DB-AEBC-3C42CA5AB8BC}"
EndProject
Global
	GlobalSection(SolutionConfigurationPlatforms) = preSolution
		Debug|Any CPU = Debug|Any CPU
		Release|Any CPU = Release|Any CPU
	EndGlobalSection
	GlobalSection(ProjectConfigurationPlatforms) = postSolution
		{D8368128-385F-40DB-AEBC-3C42CA5AB8BC}.Debug|Any CPU.ActiveCfg = Debug|Any CPU
		{D8368128-385F-40DB-AEBC-3C42CA5AB8BC}.Debug|Any CPU.Build.0 = Debug|Any CPU
		{D8368128-385F-40DB-AEBC-3C42CA5AB8BC}.Release|Any CPU.ActiveCfg = Release|Any CPU
		{D8368128-385F-40DB-AEBC-3C42CA5AB8BC}.Release|Any CPU.Build.0 = Release|Any CPU
	EndGlobalSection
	GlobalSection(SolutionProperties) = preSolution
		HideSolutionNode = FALSE
	EndGlobalSection
	GlobalSection(ExtensibilityGlobals) = postSolution
		SolutionGuid = {E56A4E9A-5F12-4A23-98D1-CBF625E21FCD}
	EndGlobalSection
EndGlobal
